
Microsoft Visual Studio Solution File, Format Version 12.00
# Visual Studio Version 17
VisualStudioVersion = 17.4.33213.308
MinimumVisualStudioVersion = 10.0.40219.1
Project("{FAE04EC0-301F-11D3-BF4B-00C04F79EFBC}") = "DefianceServer", "DefianceServer.csproj", "{31088443-D60D-42AB-9AAB-EB564F74A0D8}"
EndProject
Global
	GlobalSection(SolutionConfigurationPlatforms) = preSolution
		Debug|Any CPU = Debug|Any CPU
		Release|Any CPU = Release|Any CPU
	EndGlobalSection
	GlobalSection(ProjectConfigurationPlatforms) = postSolution
		{31088443-D60D-42AB-9AAB-EB564F74A0D8}.Debug|Any CPU.ActiveCfg = Debug|Any CPU
		{31088443-D60D-42AB-9AAB-EB564F74A0D8}.Debug|Any CPU.Build.0 = Debug|Any CPU
		{31088443-D60D-42AB-9AAB-EB564F74A0D8}.Release|Any CPU.ActiveCfg = Release|Any CPU
		{31088443-D60D-42AB-9AAB-EB564F74A0D8}.Release|Any CPU.Build.0 = Release|Any CPU
	EndGlobalSection
	GlobalSection(SolutionProperties) = preSolution
		HideSolutionNode = FALSE
	EndGlobalSection
	GlobalSection(ExtensibilityGlobals) = postSolution
		SolutionGuid = {C0E6A9FB-2385-4C1A-921F-21980550F23D}
	EndGlobalSection
EndGlobal
